
Microsoft Visual Studio Solution File, Format Version 11.00
# Visual Studio 2010
Project("{8BC9CEB8-8B4A-11D0-8D11-00A0C91BC942}") = "Thanatos", "Thanatos\Thanatos.vcxproj", "{3D48B215-B884-4E0E-8C60-111DDF40A60B}"
EndProject
Global
	GlobalSection(SolutionConfigurationPlatforms) = preSolution
		Debug|Win32 = Debug|Win32
		Release|Win32 = Release|Win32
	EndGlobalSection
	GlobalSection(ProjectConfigurationPlatforms) = postSolution
		{3D48B215-B884-4E0E-8C60-111DDF40A60B}.Debug|Win32.ActiveCfg = Debug|Win32
		{3D48B215-B884-4E0E-8C60-111DDF40A60B}.Debug|Win32.Build.0 = Debug|Win32
		{3D48B215-B884-4E0E-8C60-111DDF40A60B}.Release|Win32.ActiveCfg = Release|Win32
		{3D48B215-B884-4E0E-8C60-111DDF40A60B}.Release|Win32.Build.0 = Release|Win32
	EndGlobalSection
	GlobalSection(SolutionProperties) = preSolution
		HideSolutionNode = FALSE
	EndGlobalSection
EndGlobal
